
Microsoft Visual Studio Solution File, Format Version 12.00
# Visual Studio 2013
VisualStudioVersion = 12.0.31101.0
MinimumVisualStudioVersion = 10.0.40219.1
Project("{FAE04EC0-301F-11D3-BF4B-00C04F79EFBC}") = "Service", "Service\Service.csproj", "{17D47EB8-5FC0-4A15-936E-7336D9C83567}"
EndProject
Project("{FAE04EC0-301F-11D3-BF4B-00C04F79EFBC}") = "Interfacing", "Interfacing\Interfacing.csproj", "{670B5B2E-5B4D-40D6-BCC9-7B69D95812D0}"
EndProject
Global
	GlobalSection(SolutionConfigurationPlatforms) = preSolution
		Debug|Any CPU = Debug|Any CPU
		Release|Any CPU = Release|Any CPU
	EndGlobalSection
	GlobalSection(ProjectConfigurationPlatforms) = postSolution
		{17D47EB8-5FC0-4A15-936E-7336D9C83567}.Debug|Any CPU.ActiveCfg = Debug|Any CPU
		{17D47EB8-5FC0-4A15-936E-7336D9C83567}.Debug|Any CPU.Build.0 = Debug|Any CPU
		{17D47EB8-5FC0-4A15-936E-7336D9C83567}.Release|Any CPU.ActiveCfg = Release|Any CPU
		{17D47EB8-5FC0-4A15-936E-7336D9C83567}.Release|Any CPU.Build.0 = Release|Any CPU
		{670B5B2E-5B4D-40D6-BCC9-7B69D95812D0}.Debug|Any CPU.ActiveCfg = Debug|Any CPU
		{670B5B2E-5B4D-40D6-BCC9-7B69D95812D0}.Debug|Any CPU.Build.0 = Debug|Any CPU
		{670B5B2E-5B4D-40D6-BCC9-7B69D95812D0}.Release|Any CPU.ActiveCfg = Release|Any CPU
		{670B5B2E-5B4D-40D6-BCC9-7B69D95812D0}.Release|Any CPU.Build.0 = Release|Any CPU
	EndGlobalSection
	GlobalSection(SolutionProperties) = preSolution
		HideSolutionNode = FALSE
	EndGlobalSection
EndGlobal
